
Microsoft Visual Studio Solution File, Format Version 12.00
# Visual Studio Version 16
VisualStudioVersion = 16.0.29728.190
MinimumVisualStudioVersion = 10.0.40219.1
Project("{FAE04EC0-301F-11D3-BF4B-00C04F79EFBC}") = "ShoppinSite.Database", "ShoppinSite.Database\ShoppinSite.Database.csproj", "{E227FEFA-9BC0-4AA0-AAF0-439DC21B5779}"
EndProject
Project("{FAE04EC0-301F-11D3-BF4B-00C04F79EFBC}") = "ShopingSite.Helper", "ShopingSite.Helper\ShopingSite.Helper.csproj", "{AFA197B5-4623-4855-9815-615034FCCF28}"
EndProject
Project("{FAE04EC0-301F-11D3-BF4B-00C04F79EFBC}") = "ShopingSite.Web", "ShopingSite.Web\ShopingSite.Web.csproj", "{F8C536D7-BB88-4A84-AADD-5F94AD7957D8}"
EndProject
Project("{FAE04EC0-301F-11D3-BF4B-00C04F79EFBC}") = "ShopingSite.Infrastructure", "ShopingSite.Infrastructure\ShopingSite.Infrastructure.csproj", "{74070339-C164-46F2-A8CE-B132B1B332A3}"
EndProject
Project("{FAE04EC0-301F-11D3-BF4B-00C04F79EFBC}") = "ShopingSite.Repository", "ShopingSite.Repository\ShopingSite.Repository.csproj", "{00FD75A9-D3E4-41DA-AFFA-F60B3F4B243F}"
EndProject
Global
	GlobalSection(SolutionConfigurationPlatforms) = preSolution
		Debug|Any CPU = Debug|Any CPU
		Release|Any CPU = Release|Any CPU
	EndGlobalSection
	GlobalSection(ProjectConfigurationPlatforms) = postSolution
		{E227FEFA-9BC0-4AA0-AAF0-439DC21B5779}.Debug|Any CPU.ActiveCfg = Debug|Any CPU
		{E227FEFA-9BC0-4AA0-AAF0-439DC21B5779}.Debug|Any CPU.Build.0 = Debug|Any CPU
		{E227FEFA-9BC0-4AA0-AAF0-439DC21B5779}.Release|Any CPU.ActiveCfg = Release|Any CPU
		{E227FEFA-9BC0-4AA0-AAF0-439DC21B5779}.Release|Any CPU.Build.0 = Release|Any CPU
		{AFA197B5-4623-4855-9815-615034FCCF28}.Debug|Any CPU.ActiveCfg = Debug|Any CPU
		{AFA197B5-4623-4855-9815-615034FCCF28}.Debug|Any CPU.Build.0 = Debug|Any CPU
		{AFA197B5-4623-4855-9815-615034FCCF28}.Release|Any CPU.ActiveCfg = Release|Any CPU
		{AFA197B5-4623-4855-9815-615034FCCF28}.Release|Any CPU.Build.0 = Release|Any CPU
		{F8C536D7-BB88-4A84-AADD-5F94AD7957D8}.Debug|Any CPU.ActiveCfg = Debug|Any CPU
		{F8C536D7-BB88-4A84-AADD-5F94AD7957D8}.Debug|Any CPU.Build.0 = Debug|Any CPU
		{F8C536D7-BB88-4A84-AADD-5F94AD7957D8}.Release|Any CPU.ActiveCfg = Release|Any CPU
		{F8C536D7-BB88-4A84-AADD-5F94AD7957D8}.Release|Any CPU.Build.0 = Release|Any CPU
		{74070339-C164-46F2-A8CE-B132B1B332A3}.Debug|Any CPU.ActiveCfg = Debug|Any CPU
		{74070339-C164-46F2-A8CE-B132B1B332A3}.Debug|Any CPU.Build.0 = Debug|Any CPU
		{74070339-C164-46F2-A8CE-B132B1B332A3}.Release|Any CPU.ActiveCfg = Release|Any CPU
		{74070339-C164-46F2-A8CE-B132B1B332A3}.Release|Any CPU.Build.0 = Release|Any CPU
		{00FD75A9-D3E4-41DA-AFFA-F60B3F4B243F}.Debug|Any CPU.ActiveCfg = Debug|Any CPU
		{00FD75A9-D3E4-41DA-AFFA-F60B3F4B243F}.Debug|Any CPU.Build.0 = Debug|Any CPU
		{00FD75A9-D3E4-41DA-AFFA-F60B3F4B243F}.Release|Any CPU.ActiveCfg = Release|Any CPU
		{00FD75A9-D3E4-41DA-AFFA-F60B3F4B243F}.Release|Any CPU.Build.0 = Release|Any CPU
	EndGlobalSection
	GlobalSection(SolutionProperties) = preSolution
		HideSolutionNode = FALSE
	EndGlobalSection
	GlobalSection(ExtensibilityGlobals) = postSolution
		SolutionGuid = {C928988D-471C-4C51-9DBB-B6AA2A969F73}
	EndGlobalSection
EndGlobal
